
Microsoft Visual Studio Solution File, Format Version 12.00
# Visual Studio Version 16
VisualStudioVersion = 16.0.30717.126
MinimumVisualStudioVersion = 10.0.40219.1
Project("{9A19103F-16F7-4668-BE54-9A1E7A4F7556}") = "UseAndTestDatabase", "UseAndTestDatabase\UseAndTestDatabase.csproj", "{48F43F95-9A51-4823-AF67-503B52E1DFAC}"
EndProject
Project("{9A19103F-16F7-4668-BE54-9A1E7A4F7556}") = "CablesDatabaseEFCoreFirebird", "CablesDatabaseEFCoreFirebird\CablesDatabaseEFCoreFirebird.csproj", "{0A59D7F5-39FC-4FD1-8B11-C6031ECE8F8F}"
EndProject
Global
	GlobalSection(SolutionConfigurationPlatforms) = preSolution
		Debug|Any CPU = Debug|Any CPU
		Release|Any CPU = Release|Any CPU
	EndGlobalSection
	GlobalSection(ProjectConfigurationPlatforms) = postSolution
		{48F43F95-9A51-4823-AF67-503B52E1DFAC}.Debug|Any CPU.ActiveCfg = Debug|Any CPU
		{48F43F95-9A51-4823-AF67-503B52E1DFAC}.Debug|Any CPU.Build.0 = Debug|Any CPU
		{48F43F95-9A51-4823-AF67-503B52E1DFAC}.Release|Any CPU.ActiveCfg = Release|Any CPU
		{48F43F95-9A51-4823-AF67-503B52E1DFAC}.Release|Any CPU.Build.0 = Release|Any CPU
		{0A59D7F5-39FC-4FD1-8B11-C6031ECE8F8F}.Debug|Any CPU.ActiveCfg = Debug|Any CPU
		{0A59D7F5-39FC-4FD1-8B11-C6031ECE8F8F}.Debug|Any CPU.Build.0 = Debug|Any CPU
		{0A59D7F5-39FC-4FD1-8B11-C6031ECE8F8F}.Release|Any CPU.ActiveCfg = Release|Any CPU
		{0A59D7F5-39FC-4FD1-8B11-C6031ECE8F8F}.Release|Any CPU.Build.0 = Release|Any CPU
	EndGlobalSection
	GlobalSection(SolutionProperties) = preSolution
		HideSolutionNode = FALSE
	EndGlobalSection
	GlobalSection(ExtensibilityGlobals) = postSolution
		SolutionGuid = {5E9F9C23-43A3-4E14-9FF4-B8DD3A3C647D}
	EndGlobalSection
EndGlobal
